
Microsoft Visual Studio Solution File, Format Version 12.00
# Visual Studio Version 17
VisualStudioVersion = 17.7.34031.279
MinimumVisualStudioVersion = 10.0.40219.1
Project("{8BC9CEB8-8B4A-11D0-8D11-00A0C91BC942}") = "Class static", "Class static\Class static.vcxproj", "{CEAF5A6B-460D-4678-B129-BCD5E0C878A5}"
EndProject
Global
	GlobalSection(SolutionConfigurationPlatforms) = preSolution
		Debug|x64 = Debug|x64
		Debug|x86 = Debug|x86
		Release|x64 = Release|x64
		Release|x86 = Release|x86
	EndGlobalSection
	GlobalSection(ProjectConfigurationPlatforms) = postSolution
		{CEAF5A6B-460D-4678-B129-BCD5E0C878A5}.Debug|x64.ActiveCfg = Debug|x64
		{CEAF5A6B-460D-4678-B129-BCD5E0C878A5}.Debug|x64.Build.0 = Debug|x64
		{CEAF5A6B-460D-4678-B129-BCD5E0C878A5}.Debug|x86.ActiveCfg = Debug|Win32
		{CEAF5A6B-460D-4678-B129-BCD5E0C878A5}.Debug|x86.Build.0 = Debug|Win32
		{CEAF5A6B-460D-4678-B129-BCD5E0C878A5}.Release|x64.ActiveCfg = Release|x64
		{CEAF5A6B-460D-4678-B129-BCD5E0C878A5}.Release|x64.Build.0 = Release|x64
		{CEAF5A6B-460D-4678-B129-BCD5E0C878A5}.Release|x86.ActiveCfg = Release|Win32
		{CEAF5A6B-460D-4678-B129-BCD5E0C878A5}.Release|x86.Build.0 = Release|Win32
	EndGlobalSection
	GlobalSection(SolutionProperties) = preSolution
		HideSolutionNode = FALSE
	EndGlobalSection
	GlobalSection(ExtensibilityGlobals) = postSolution
		SolutionGuid = {89A26E55-41FA-4A1D-81C3-23DE399E2E2B}
	EndGlobalSection
EndGlobal
